
Microsoft Visual Studio Solution File, Format Version 12.00
# Visual Studio Version 17
VisualStudioVersion = 17.6.33815.320
MinimumVisualStudioVersion = 10.0.40219.1
Project("{8BC9CEB8-8B4A-11D0-8D11-00A0C91BC942}") = "MyOpenGL", "MyOpenGL.vcxproj", "{941ECE50-F212-49EE-8838-B731ABFF56A8}"
EndProject
Project("{8BC9CEB8-8B4A-11D0-8D11-00A0C91BC942}") = "CaveGame", "CaveGame\CaveGame.vcxproj", "{80D005C8-8ACA-4356-9D1C-AB4B625E3E67}"
	ProjectSection(ProjectDependencies) = postProject
		{941ECE50-F212-49EE-8838-B731ABFF56A8} = {941ECE50-F212-49EE-8838-B731ABFF56A8}
	EndProjectSection
EndProject
Global
	GlobalSection(SolutionConfigurationPlatforms) = preSolution
		Debug|x64 = Debug|x64
		Debug|x86 = Debug|x86
		Release|x64 = Release|x64
		Release|x86 = Release|x86
	EndGlobalSection
	GlobalSection(ProjectConfigurationPlatforms) = postSolution
		{941ECE50-F212-49EE-8838-B731ABFF56A8}.Debug|x64.ActiveCfg = Debug|x64
		{941ECE50-F212-49EE-8838-B731ABFF56A8}.Debug|x64.Build.0 = Debug|x64
		{941ECE50-F212-49EE-8838-B731ABFF56A8}.Debug|x86.ActiveCfg = Debug|Win32
		{941ECE50-F212-49EE-8838-B731ABFF56A8}.Debug|x86.Build.0 = Debug|Win32
		{941ECE50-F212-49EE-8838-B731ABFF56A8}.Release|x64.ActiveCfg = Release|x64
		{941ECE50-F212-49EE-8838-B731ABFF56A8}.Release|x64.Build.0 = Release|x64
		{941ECE50-F212-49EE-8838-B731ABFF56A8}.Release|x86.ActiveCfg = Release|Win32
		{941ECE50-F212-49EE-8838-B731ABFF56A8}.Release|x86.Build.0 = Release|Win32
		{80D005C8-8ACA-4356-9D1C-AB4B625E3E67}.Debug|x64.ActiveCfg = Debug|x64
		{80D005C8-8ACA-4356-9D1C-AB4B625E3E67}.Debug|x64.Build.0 = Debug|x64
		{80D005C8-8ACA-4356-9D1C-AB4B625E3E67}.Debug|x86.ActiveCfg = Debug|Win32
		{80D005C8-8ACA-4356-9D1C-AB4B625E3E67}.Debug|x86.Build.0 = Debug|Win32
		{80D005C8-8ACA-4356-9D1C-AB4B625E3E67}.Release|x64.ActiveCfg = Release|x64
		{80D005C8-8ACA-4356-9D1C-AB4B625E3E67}.Release|x64.Build.0 = Release|x64
		{80D005C8-8ACA-4356-9D1C-AB4B625E3E67}.Release|x86.ActiveCfg = Release|Win32
		{80D005C8-8ACA-4356-9D1C-AB4B625E3E67}.Release|x86.Build.0 = Release|Win32
	EndGlobalSection
	GlobalSection(SolutionProperties) = preSolution
		HideSolutionNode = FALSE
	EndGlobalSection
	GlobalSection(ExtensibilityGlobals) = postSolution
		SolutionGuid = {52193032-4C3C-4C1E-B06B-1F77668E8C33}
	EndGlobalSection
EndGlobal
